// !$*UTF8*$!
{
	archiveVersion = 1;
	classes = {
	};
	objectVersion = 50;
	objects = {

/* Begin PBXBuildFile section */
		16801FFB6FDC57338CD04F91 /* Pods_ExampleUITests.framework in Frameworks */ = {isa = PBXBuildFile; fileRef = 2847AA5D1594FB234091C774 /* Pods_ExampleUITests.framework */; };
		1D5CE5B82161135E00EF5A4B /* AppDelegate.swift in Sources */ = {isa = PBXBuildFile; fileRef = 1D5CE5B72161135E00EF5A4B /* AppDelegate.swift */; };
		1D5CE5BA2161135E00EF5A4B /* ViewController.swift in Sources */ = {isa = PBXBuildFile; fileRef = 1D5CE5B92161135E00EF5A4B /* ViewController.swift */; };
		1D5CE5BD2161135E00EF5A4B /* Main.storyboard in Resources */ = {isa = PBXBuildFile; fileRef = 1D5CE5BB2161135E00EF5A4B /* Main.storyboard */; };
		1D5CE5C02161135E00EF5A4B /* Example.xcdatamodeld in Sources */ = {isa = PBXBuildFile; fileRef = 1D5CE5BE2161135E00EF5A4B /* Example.xcdatamodeld */; };
		1D5CE5C22161135F00EF5A4B /* Assets.xcassets in Resources */ = {isa = PBXBuildFile; fileRef = 1D5CE5C12161135F00EF5A4B /* Assets.xcassets */; };
		1D5CE5C52161135F00EF5A4B /* LaunchScreen.storyboard in Resources */ = {isa = PBXBuildFile; fileRef = 1D5CE5C32161135F00EF5A4B /* LaunchScreen.storyboard */; };
		1D5CE5D02161135F00EF5A4B /* ExampleTests.swift in Sources */ = {isa = PBXBuildFile; fileRef = 1D5CE5CF2161135F00EF5A4B /* ExampleTests.swift */; };
		1D5CE5DB2161135F00EF5A4B /* ExampleUITests.swift in Sources */ = {isa = PBXBuildFile; fileRef = 1D5CE5DA2161135F00EF5A4B /* ExampleUITests.swift */; };
		D0BCC46F2AE5501EE0200BCD /* Pods_ExampleTests.framework in Frameworks */ = {isa = PBXBuildFile; fileRef = 1ECAE02B2B4735A6C0101AC4 /* Pods_ExampleTests.framework */; };
		FC2B99FE9097D5221546901C /* Pods_Example.framework in Frameworks */ = {isa = PBXBuildFile; fileRef = 3E4128D0237A0F79E7416F9C /* Pods_Example.framework */; };
/* End PBXBuildFile section */

/* Begin PBXContainerItemProxy section */
		1D5CE5CC2161135F00EF5A4B /* PBXContainerItemProxy */ = {
			isa = PBXContainerItemProxy;
			containerPortal = 1D5CE5AC2161135E00EF5A4B /* Project object */;
			proxyType = 1;
			remoteGlobalIDString = 1D5CE5B32161135E00EF5A4B;
			remoteInfo = Example;
		};
		1D5CE5D72161135F00EF5A4B /* PBXContainerItemProxy */ = {
			isa = PBXContainerItemProxy;
			containerPortal = 1D5CE5AC2161135E00EF5A4B /* Project object */;
			proxyType = 1;
			remoteGlobalIDString = 1D5CE5B32161135E00EF5A4B;
			remoteInfo = Example;
		};
/* End PBXContainerItemProxy section */

/* Begin PBXFileReference section */
		1D5CE5B42161135E00EF5A4B /* Example.app */ = {isa = PBXFileReference; explicitFileType = wrapper.application; includeInIndex = 0; path = Example.app; sourceTree = BUILT_PRODUCTS_DIR; };
		1D5CE5B72161135E00EF5A4B /* AppDelegate.swift */ = {isa = PBXFileReference; lastKnownFileType = sourcecode.swift; path = AppDelegate.swift; sourceTree = "<group>"; };
		1D5CE5B92161135E00EF5A4B /* ViewController.swift */ = {isa = PBXFileReference; lastKnownFileType = sourcecode.swift; path = ViewController.swift; sourceTree = "<group>"; };
		1D5CE5BC2161135E00EF5A4B /* Base */ = {isa = PBXFileReference; lastKnownFileType = file.storyboard; name = Base; path = Base.lproj/Main.storyboard; sourceTree = "<group>"; };
		1D5CE5BF2161135E00EF5A4B /* Example.xcdatamodel */ = {isa = PBXFileReference; lastKnownFileType = wrapper.xcdatamodel; path = Example.xcdatamodel; sourceTree = "<group>"; };
		1D5CE5C12161135F00EF5A4B /* Assets.xcassets */ = {isa = PBXFileReference; lastKnownFileType = folder.assetcatalog; path = Assets.xcassets; sourceTree = "<group>"; };
		1D5CE5C42161135F00EF5A4B /* Base */ = {isa = PBXFileReference; lastKnownFileType = file.storyboard; name = Base; path = Base.lproj/LaunchScreen.storyboard; sourceTree = "<group>"; };
		1D5CE5C62161135F00EF5A4B /* Info.plist */ = {isa = PBXFileReference; lastKnownFileType = text.plist.xml; path = Info.plist; sourceTree = "<group>"; };
		1D5CE5CB2161135F00EF5A4B /* ExampleTests.xctest */ = {isa = PBXFileReference; explicitFileType = wrapper.cfbundle; includeInIndex = 0; path = ExampleTests.xctest; sourceTree = BUILT_PRODUCTS_DIR; };
		1D5CE5CF2161135F00EF5A4B /* ExampleTests.swift */ = {isa = PBXFileReference; lastKnownFileType = sourcecode.swift; path = ExampleTests.swift; sourceTree = "<group>"; };
		1D5CE5D12161135F00EF5A4B /* Info.plist */ = {isa = PBXFileReference; lastKnownFileType = text.plist.xml; path = Info.plist; sourceTree = "<group>"; };
		1D5CE5D62161135F00EF5A4B /* ExampleUITests.xctest */ = {isa = PBXFileReference; explicitFileType = wrapper.cfbundle; includeInIndex = 0; path = ExampleUITests.xctest; sourceTree = BUILT_PRODUCTS_DIR; };
		1D5CE5DA2161135F00EF5A4B /* ExampleUITests.swift */ = {isa = PBXFileReference; lastKnownFileType = sourcecode.swift; path = ExampleUITests.swift; sourceTree = "<group>"; };
		1D5CE5DC2161135F00EF5A4B /* Info.plist */ = {isa = PBXFileReference; lastKnownFileType = text.plist.xml; path = Info.plist; sourceTree = "<group>"; };
		1ECAE02B2B4735A6C0101AC4 /* Pods_ExampleTests.framework */ = {isa = PBXFileReference; explicitFileType = wrapper.framework; includeInIndex = 0; path = Pods_ExampleTests.framework; sourceTree = BUILT_PRODUCTS_DIR; };
		2847AA5D1594FB234091C774 /* Pods_ExampleUITests.framework */ = {isa = PBXFileReference; explicitFileType = wrapper.framework; includeInIndex = 0; path = Pods_ExampleUITests.framework; sourceTree = BUILT_PRODUCTS_DIR; };
		3E4128D0237A0F79E7416F9C /* Pods_Example.framework */ = {isa = PBXFileReference; explicitFileType = wrapper.framework; includeInIndex = 0; path = Pods_Example.framework; sourceTree = BUILT_PRODUCTS_DIR; };
		5E3EF0C6547CAA3E42448DF6 /* Pods-ExampleTests.release.xcconfig */ = {isa = PBXFileReference; includeInIndex = 1; lastKnownFileType = text.xcconfig; name = "Pods-ExampleTests.release.xcconfig"; path = "Pods/Target Support Files/Pods-ExampleTests/Pods-ExampleTests.release.xcconfig"; sourceTree = "<group>"; };
		5EDC015CCD806DC5FD0D9668 /* Pods-ExampleTests.debug.xcconfig */ = {isa = PBXFileReference; includeInIndex = 1; lastKnownFileType = text.xcconfig; name = "Pods-ExampleTests.debug.xcconfig"; path = "Pods/Target Support Files/Pods-ExampleTests/Pods-ExampleTests.debug.xcconfig"; sourceTree = "<group>"; };
		A0599EE7C4A7B1C71B8DC0C5 /* Pods-Example.release.xcconfig */ = {isa = PBXFileReference; includeInIndex = 1; lastKnownFileType = text.xcconfig; name = "Pods-Example.release.xcconfig"; path = "Pods/Target Support Files/Pods-Example/Pods-Example.release.xcconfig"; sourceTree = "<group>"; };
		BBDFB85D3914682C6D2BE617 /* Pods-Example.debug.xcconfig */ = {isa = PBXFileReference; includeInIndex = 1; lastKnownFileType = text.xcconfig; name = "Pods-Example.debug.xcconfig"; path = "Pods/Target Support Files/Pods-Example/Pods-Example.debug.xcconfig"; sourceTree = "<group>"; };
		E087D394BC68348933E483AC /* Pods-ExampleUITests.debug.xcconfig */ = {isa = PBXFileReference; includeInIndex = 1; lastKnownFileType = text.xcconfig; name = "Pods-ExampleUITests.debug.xcconfig"; path = "Pods/Target Support Files/Pods-ExampleUITests/Pods-ExampleUITests.debug.xcconfig"; sourceTree = "<group>"; };
		F4FAE46D9F9FB773A08E55C5 /* Pods-ExampleUITests.release.xcconfig */ = {isa = PBXFileReference; includeInIndex = 1; lastKnownFileType = text.xcconfig; name = "Pods-ExampleUITests.release.xcconfig"; path = "Pods/Target Support Files/Pods-ExampleUITests/Pods-ExampleUITests.release.xcconfig"; sourceTree = "<group>"; };
/* End PBXFileReference section */

/* Begin PBXFrameworksBuildPhase section */
		1D5CE5B12161135E00EF5A4B /* Frameworks */ = {
			isa = PBXFrameworksBuildPhase;
			buildActionMask = 2147483647;
			files = (
				FC2B99FE9097D5221546901C /* Pods_Example.framework in Frameworks */,
			);
			runOnlyForDeploymentPostprocessing = 0;
		};
		1D5CE5C82161135F00EF5A4B /* Frameworks */ = {
			isa = PBXFrameworksBuildPhase;
			buildActionMask = 2147483647;
			files = (
				D0BCC46F2AE5501EE0200BCD /* Pods_ExampleTests.framework in Frameworks */,
			);
			runOnlyForDeploymentPostprocessing = 0;
		};
		1D5CE5D32161135F00EF5A4B /* Frameworks */ = {
			isa = PBXFrameworksBuildPhase;
			buildActionMask = 2147483647;
			files = (
				16801FFB6FDC57338CD04F91 /* Pods_ExampleUITests.framework in Frameworks */,
			);
			runOnlyForDeploymentPostprocessing = 0;
		};
/* End PBXFrameworksBuildPhase section */

/* Begin PBXGroup section */
		01C34C8FC90008D173D47924 /* Frameworks */ = {
			isa = PBXGroup;
			children = (
				3E4128D0237A0F79E7416F9C /* Pods_Example.framework */,
				1ECAE02B2B4735A6C0101AC4 /* Pods_ExampleTests.framework */,
				2847AA5D1594FB234091C774 /* Pods_ExampleUITests.framework */,
			);
			name = Frameworks;
			sourceTree = "<group>";
		};
		1D5CE5AB2161135E00EF5A4B = {
			isa = PBXGroup;
			children = (
				1D5CE5B62161135E00EF5A4B /* Example */,
				1D5CE5CE2161135F00EF5A4B /* ExampleTests */,
				1D5CE5D92161135F00EF5A4B /* ExampleUITests */,
				1D5CE5B52161135E00EF5A4B /* Products */,
				6F2628379E4040E0025B00C8 /* Pods */,
				01C34C8FC90008D173D47924 /* Frameworks */,
			);
			sourceTree = "<group>";
		};
		1D5CE5B52161135E00EF5A4B /* Products */ = {
			isa = PBXGroup;
			children = (
				1D5CE5B42161135E00EF5A4B /* Example.app */,
				1D5CE5CB2161135F00EF5A4B /* ExampleTests.xctest */,
				1D5CE5D62161135F00EF5A4B /* ExampleUITests.xctest */,
			);
			name = Products;
			sourceTree = "<group>";
		};
		1D5CE5B62161135E00EF5A4B /* Example */ = {
			isa = PBXGroup;
			children = (
				1D5CE5B72161135E00EF5A4B /* AppDelegate.swift */,
				1D5CE5B92161135E00EF5A4B /* ViewController.swift */,
				1D5CE5BB2161135E00EF5A4B /* Main.storyboard */,
				1D5CE5C12161135F00EF5A4B /* Assets.xcassets */,
				1D5CE5C32161135F00EF5A4B /* LaunchScreen.storyboard */,
				1D5CE5C62161135F00EF5A4B /* Info.plist */,
				1D5CE5BE2161135E00EF5A4B /* Example.xcdatamodeld */,
			);
			path = Example;
			sourceTree = "<group>";
		};
		1D5CE5CE2161135F00EF5A4B /* ExampleTests */ = {
			isa = PBXGroup;
			children = (
				1D5CE5CF2161135F00EF5A4B /* ExampleTests.swift */,
				1D5CE5D12161135F00EF5A4B /* Info.plist */,
			);
			path = ExampleTests;
			sourceTree = "<group>";
		};
		1D5CE5D92161135F00EF5A4B /* ExampleUITests */ = {
			isa = PBXGroup;
			children = (
				1D5CE5DA2161135F00EF5A4B /* ExampleUITests.swift */,
				1D5CE5DC2161135F00EF5A4B /* Info.plist */,
			);
			path = ExampleUITests;
			sourceTree = "<group>";
		};
		6F2628379E4040E0025B00C8 /* Pods */ = {
			isa = PBXGroup;
			children = (
				BBDFB85D3914682C6D2BE617 /* Pods-Example.debug.xcconfig */,
				A0599EE7C4A7B1C71B8DC0C5 /* Pods-Example.release.xcconfig */,
				5EDC015CCD806DC5FD0D9668 /* Pods-ExampleTests.debug.xcconfig */,
				5E3EF0C6547CAA3E42448DF6 /* Pods-ExampleTests.release.xcconfig */,
				E087D394BC68348933E483AC /* Pods-ExampleUITests.debug.xcconfig */,
				F4FAE46D9F9FB773A08E55C5 /* Pods-ExampleUITests.release.xcconfig */,
			);
			name = Pods;
			sourceTree = "<group>";
		};
/* End PBXGroup section */

/* Begin PBXNativeTarget section */
		1D5CE5B32161135E00EF5A4B /* Example */ = {
			isa = PBXNativeTarget;
			buildConfigurationList = 1D5CE5DF2161135F00EF5A4B /* Build configuration list for PBXNativeTarget "Example" */;
			buildPhases = (
				46D8793028CD7AA21A91607F /* [CP] Check Pods Manifest.lock */,
				1D5CE5B02161135E00EF5A4B /* Sources */,
				1D5CE5B12161135E00EF5A4B /* Frameworks */,
				1D5CE5B22161135E00EF5A4B /* Resources */,
				BA849779C50BEB2695506189 /* [CP] Embed Pods Frameworks */,
			);
			buildRules = (
			);
			dependencies = (
			);
			name = Example;
			productName = Example;
			productReference = 1D5CE5B42161135E00EF5A4B /* Example.app */;
			productType = "com.apple.product-type.application";
		};
		1D5CE5CA2161135F00EF5A4B /* ExampleTests */ = {
			isa = PBXNativeTarget;
			buildConfigurationList = 1D5CE5E22161135F00EF5A4B /* Build configuration list for PBXNativeTarget "ExampleTests" */;
			buildPhases = (
				6CA19D42A21B8F2598EF477A /* [CP] Check Pods Manifest.lock */,
				1D5CE5C72161135F00EF5A4B /* Sources */,
				1D5CE5C82161135F00EF5A4B /* Frameworks */,
				1D5CE5C92161135F00EF5A4B /* Resources */,
			);
			buildRules = (
			);
			dependencies = (
				1D5CE5CD2161135F00EF5A4B /* PBXTargetDependency */,
			);
			name = ExampleTests;
			productName = ExampleTests;
			productReference = 1D5CE5CB2161135F00EF5A4B /* ExampleTests.xctest */;
			productType = "com.apple.product-type.bundle.unit-test";
		};
		1D5CE5D52161135F00EF5A4B /* ExampleUITests */ = {
			isa = PBXNativeTarget;
			buildConfigurationList = 1D5CE5E52161135F00EF5A4B /* Build configuration list for PBXNativeTarget "ExampleUITests" */;
			buildPhases = (
				66B8AEE38D4BC241EC9B5DE9 /* [CP] Check Pods Manifest.lock */,
				1D5CE5D22161135F00EF5A4B /* Sources */,
				1D5CE5D32161135F00EF5A4B /* Frameworks */,
				1D5CE5D42161135F00EF5A4B /* Resources */,
			);
			buildRules = (
			);
			dependencies = (
				1D5CE5D82161135F00EF5A4B /* PBXTargetDependency */,
			);
			name = ExampleUITests;
			productName = ExampleUITests;
			productReference = 1D5CE5D62161135F00EF5A4B /* ExampleUITests.xctest */;
			productType = "com.apple.product-type.bundle.ui-testing";
		};
/* End PBXNativeTarget section */

/* Begin PBXProject section */
		1D5CE5AC2161135E00EF5A4B /* Project object */ = {
			isa = PBXProject;
			attributes = {
				LastSwiftUpdateCheck = 0940;
				LastUpgradeCheck = 0940;
				ORGANIZATIONNAME = vomh;
				TargetAttributes = {
					1D5CE5B32161135E00EF5A4B = {
						CreatedOnToolsVersion = 9.4.1;
					};
					1D5CE5CA2161135F00EF5A4B = {
						CreatedOnToolsVersion = 9.4.1;
						TestTargetID = 1D5CE5B32161135E00EF5A4B;
					};
					1D5CE5D52161135F00EF5A4B = {
						CreatedOnToolsVersion = 9.4.1;
						TestTargetID = 1D5CE5B32161135E00EF5A4B;
					};
				};
			};
			buildConfigurationList = 1D5CE5AF2161135E00EF5A4B /* Build configuration list for PBXProject "Example" */;
			compatibilityVersion = "Xcode 9.3";
			developmentRegion = en;
			hasScannedForEncodings = 0;
			knownRegions = (
				en,
				Base,
			);
			mainGroup = 1D5CE5AB2161135E00EF5A4B;
			productRefGroup = 1D5CE5B52161135E00EF5A4B /* Products */;
			projectDirPath = "";
			projectRoot = "";
			targets = (
				1D5CE5B32161135E00EF5A4B /* Example */,
				1D5CE5CA2161135F00EF5A4B /* ExampleTests */,
				1D5CE5D52161135F00EF5A4B /* ExampleUITests */,
			);
		};
/* End PBXProject section */

/* Begin PBXResourcesBuildPhase section */
		1D5CE5B22161135E00EF5A4B /* Resources */ = {
			isa = PBXResourcesBuildPhase;
			buildActionMask = 2147483647;
			files = (
				1D5CE5C52161135F00EF5A4B /* LaunchScreen.storyboard in Resources */,
				1D5CE5C22161135F00EF5A4B /* Assets.xcassets in Resources */,
				1D5CE5BD2161135E00EF5A4B /* Main.storyboard in Resources */,
			);
			runOnlyForDeploymentPostprocessing = 0;
		};
		1D5CE5C92161135F00EF5A4B /* Resources */ = {
			isa = PBXResourcesBuildPhase;
			buildActionMask = 2147483647;
			files = (
			);
			runOnlyForDeploymentPostprocessing = 0;
		};
		1D5CE5D42161135F00EF5A4B /* Resources */ = {
			isa = PBXResourcesBuildPhase;
			buildActionMask = 2147483647;
			files = (
			);
			runOnlyForDeploymentPostprocessing = 0;
		};
/* End PBXResourcesBuildPhase section */

/* Begin PBXShellScriptBuildPhase section */
		46D8793028CD7AA21A91607F /* [CP] Check Pods Manifest.lock */ = {
			isa = PBXShellScriptBuildPhase;
			buildActionMask = 2147483647;
			files = (
			);
			inputPaths = (
				"${PODS_PODFILE_DIR_PATH}/Podfile.lock",
				"${PODS_ROOT}/Manifest.lock",
			);
			name = "[CP] Check Pods Manifest.lock";
			outputPaths = (
				"$(DERIVED_FILE_DIR)/Pods-Example-checkManifestLockResult.txt",
			);
			runOnlyForDeploymentPostprocessing = 0;
			shellPath = /bin/sh;
			shellScript = "diff \"${PODS_PODFILE_DIR_PATH}/Podfile.lock\" \"${PODS_ROOT}/Manifest.lock\" > /dev/null\nif [ $? != 0 ] ; then\n    # print error to STDERR\n    echo \"error: The sandbox is not in sync with the Podfile.lock. Run 'pod install' or update your CocoaPods installation.\" >&2\n    exit 1\nfi\n# This output is used by Xcode 'outputs' to avoid re-running this script phase.\necho \"SUCCESS\" > \"${SCRIPT_OUTPUT_FILE_0}\"\n";
			showEnvVarsInLog = 0;
		};
		66B8AEE38D4BC241EC9B5DE9 /* [CP] Check Pods Manifest.lock */ = {
			isa = PBXShellScriptBuildPhase;
			buildActionMask = 2147483647;
			files = (
			);
			inputPaths = (
				"${PODS_PODFILE_DIR_PATH}/Podfile.lock",
				"${PODS_ROOT}/Manifest.lock",
			);
			name = "[CP] Check Pods Manifest.lock";
			outputPaths = (
				"$(DERIVED_FILE_DIR)/Pods-ExampleUITests-checkManifestLockResult.txt",
			);
			runOnlyForDeploymentPostprocessing = 0;
			shellPath = /bin/sh;
			shellScript = "diff \"${PODS_PODFILE_DIR_PATH}/Podfile.lock\" \"${PODS_ROOT}/Manifest.lock\" > /dev/null\nif [ $? != 0 ] ; then\n    # print error to STDERR\n    echo \"error: The sandbox is not in sync with the Podfile.lock. Run 'pod install' or update your CocoaPods installation.\" >&2\n    exit 1\nfi\n# This output is used by Xcode 'outputs' to avoid re-running this script phase.\necho \"SUCCESS\" > \"${SCRIPT_OUTPUT_FILE_0}\"\n";
			showEnvVarsInLog = 0;
		};
		6CA19D42A21B8F2598EF477A /* [CP] Check Pods Manifest.lock */ = {
			isa = PBXShellScriptBuildPhase;
			buildActionMask = 2147483647;
			files = (
			);
			inputPaths = (
				"${PODS_PODFILE_DIR_PATH}/Podfile.lock",
				"${PODS_ROOT}/Manifest.lock",
			);
			name = "[CP] Check Pods Manifest.lock";
			outputPaths = (
				"$(DERIVED_FILE_DIR)/Pods-ExampleTests-checkManifestLockResult.txt",
			);
			runOnlyForDeploymentPostprocessing = 0;
			shellPath = /bin/sh;
			shellScript = "diff \"${PODS_PODFILE_DIR_PATH}/Podfile.lock\" \"${PODS_ROOT}/Manifest.lock\" > /dev/null\nif [ $? != 0 ] ; then\n    # print error to STDERR\n    echo \"error: The sandbox is not in sync with the Podfile.lock. Run 'pod install' or update your CocoaPods installation.\" >&2\n    exit 1\nfi\n# This output is used by Xcode 'outputs' to avoid re-running this script phase.\necho \"SUCCESS\" > \"${SCRIPT_OUTPUT_FILE_0}\"\n";
			showEnvVarsInLog = 0;
		};
		BA849779C50BEB2695506189 /* [CP] Embed Pods Frameworks */ = {
			isa = PBXShellScriptBuildPhase;
			buildActionMask = 2147483647;
			files = (
			);
			inputPaths = (
				"${SRCROOT}/Pods/Target Support Files/Pods-Example/Pods-Example-frameworks.sh",
				"${BUILT_PRODUCTS_DIR}/SnapKit/SnapKit.framework",
			);
			name = "[CP] Embed Pods Frameworks";
			outputPaths = (
				"${TARGET_BUILD_DIR}/${FRAMEWORKS_FOLDER_PATH}/SnapKit.framework",
			);
			runOnlyForDeploymentPostprocessing = 0;
			shellPath = /bin/sh;
			shellScript = "\"${SRCROOT}/Pods/Target Support Files/Pods-Example/Pods-Example-frameworks.sh\"\n";
			showEnvVarsInLog = 0;
		};
/* End PBXShellScriptBuildPhase section */

/* Begin PBXSourcesBuildPhase section */
		1D5CE5B02161135E00EF5A4B /* Sources */ = {
			isa = PBXSourcesBuildPhase;
			buildActionMask = 2147483647;
			files = (
				1D5CE5BA2161135E00EF5A4B /* ViewController.swift in Sources */,
				1D5CE5C02161135E00EF5A4B /* Example.xcdatamodeld in Sources */,
				1D5CE5B82161135E00EF5A4B /* AppDelegate.swift in Sources */,
			);
			runOnlyForDeploymentPostprocessing = 0;
		};
		1D5CE5C72161135F00EF5A4B /* Sources */ = {
			isa = PBXSourcesBuildPhase;
			buildActionMask = 2147483647;
			files = (
				1D5CE5D02161135F00EF5A4B /* ExampleTests.swift in Sources */,
			);
			runOnlyForDeploymentPostprocessing = 0;
		};
		1D5CE5D22161135F00EF5A4B /* Sources */ = {
			isa = PBXSourcesBuildPhase;
			buildActionMask = 2147483647;
			files = (
				1D5CE5DB2161135F00EF5A4B /* ExampleUITests.swift in Sources */,
			);
			runOnlyForDeploymentPostprocessing = 0;
		};
/* End PBXSourcesBuildPhase section */

/* Begin PBXTargetDependency section */
		1D5CE5CD2161135F00EF5A4B /* PBXTargetDependency */ = {
			isa = PBXTargetDependency;
			target = 1D5CE5B32161135E00EF5A4B /* Example */;
			targetProxy = 1D5CE5CC2161135F00EF5A4B /* PBXContainerItemProxy */;
		};
		1D5CE5D82161135F00EF5A4B /* PBXTargetDependency */ = {
			isa = PBXTargetDependency;
			target = 1D5CE5B32161135E00EF5A4B /* Example */;
			targetProxy = 1D5CE5D72161135F00EF5A4B /* PBXContainerItemProxy */;
		};
/* End PBXTargetDependency section */

/* Begin PBXVariantGroup section */
		1D5CE5BB2161135E00EF5A4B /* Main.storyboard */ = {
			isa = PBXVariantGroup;
			children = (
				1D5CE5BC2161135E00EF5A4B /* Base */,
			);
			name = Main.storyboard;
			sourceTree = "<group>";
		};
		1D5CE5C32161135F00EF5A4B /* LaunchScreen.storyboard */ = {
			isa = PBXVariantGroup;
			children = (
				1D5CE5C42161135F00EF5A4B /* Base */,
			);
			name = LaunchScreen.storyboard;
			sourceTree = "<group>";
		};
/* End PBXVariantGroup section */

/* Begin XCBuildConfiguration section */
		1D5CE5DD2161135F00EF5A4B /* Debug */ = {
			isa = XCBuildConfiguration;
			buildSettings = {
				ALWAYS_SEARCH_USER_PATHS = NO;
				CLANG_ANALYZER_NONNULL = YES;
				CLANG_ANALYZER_NUMBER_OBJECT_CONVERSION = YES_AGGRESSIVE;
				CLANG_CXX_LANGUAGE_STANDARD = "gnu++14";
				CLANG_CXX_LIBRARY = "libc++";
				CLANG_ENABLE_MODULES = YES;
				CLANG_ENABLE_OBJC_ARC = YES;
				CLANG_ENABLE_OBJC_WEAK = YES;
				CLANG_WARN_BLOCK_CAPTURE_AUTORELEASING = YES;
				CLANG_WARN_BOOL_CONVERSION = YES;
				CLANG_WARN_COMMA = YES;
				CLANG_WARN_CONSTANT_CONVERSION = YES;
				CLANG_WARN_DEPRECATED_OBJC_IMPLEMENTATIONS = YES;
				CLANG_WARN_DIRECT_OBJC_ISA_USAGE = YES_ERROR;
				CLANG_WARN_DOCUMENTATION_COMMENTS = YES;
				CLANG_WARN_EMPTY_BODY = YES;
				CLANG_WARN_ENUM_CONVERSION = YES;
				CLANG_WARN_INFINITE_RECURSION = YES;
				CLANG_WARN_INT_CONVERSION = YES;
				CLANG_WARN_NON_LITERAL_NULL_CONVERSION = YES;
				CLANG_WARN_OBJC_IMPLICIT_RETAIN_SELF = YES;
				CLANG_WARN_OBJC_LITERAL_CONVERSION = YES;
				CLANG_WARN_OBJC_ROOT_CLASS = YES_ERROR;
				CLANG_WARN_RANGE_LOOP_ANALYSIS = YES;
				CLANG_WARN_STRICT_PROTOTYPES = YES;
				CLANG_WARN_SUSPICIOUS_MOVE = YES;
				CLANG_WARN_UNGUARDED_AVAILABILITY = YES_AGGRESSIVE;
				CLANG_WARN_UNREACHABLE_CODE = YES;
				CLANG_WARN__DUPLICATE_METHOD_MATCH = YES;
				CODE_SIGN_IDENTITY = "iPhone Developer";
				COPY_PHASE_STRIP = NO;
				DEBUG_INFORMATION_FORMAT = dwarf;
				ENABLE_STRICT_OBJC_MSGSEND = YES;
				ENABLE_TESTABILITY = YES;
				GCC_C_LANGUAGE_STANDARD = gnu11;
				GCC_DYNAMIC_NO_PIC = NO;
				GCC_NO_COMMON_BLOCKS = YES;
				GCC_OPTIMIZATION_LEVEL = 0;
				GCC_PREPROCESSOR_DEFINITIONS = (
					"DEBUG=1",
					"$(inherited)",
				);
				GCC_WARN_64_TO_32_BIT_CONVERSION = YES;
				GCC_WARN_ABOUT_RETURN_TYPE = YES_ERROR;
				GCC_WARN_UNDECLARED_SELECTOR = YES;
				GCC_WARN_UNINITIALIZED_AUTOS = YES_AGGRESSIVE;
				GCC_WARN_UNUSED_FUNCTION = YES;
				GCC_WARN_UNUSED_VARIABLE = YES;
				IPHONEOS_DEPLOYMENT_TARGET = 11.4;
				MTL_ENABLE_DEBUG_INFO = YES;
				ONLY_ACTIVE_ARCH = YES;
				SDKROOT = iphoneos;
				SWIFT_ACTIVE_COMPILATION_CONDITIONS = DEBUG;
				SWIFT_OPTIMIZATION_LEVEL = "-Onone";
			};
			name = Debug;
		};
		1D5CE5DE2161135F00EF5A4B /* Release */ = {
			isa = XCBuildConfiguration;
			buildSettings = {
				ALWAYS_SEARCH_USER_PATHS = NO;
				CLANG_ANALYZER_NONNULL = YES;
				CLANG_ANALYZER_NUMBER_OBJECT_CONVERSION = YES_AGGRESSIVE;
				CLANG_CXX_LANGUAGE_STANDARD = "gnu++14";
				CLANG_CXX_LIBRARY = "libc++";
				CLANG_ENABLE_MODULES = YES;
				CLANG_ENABLE_OBJC_ARC = YES;
				CLANG_ENABLE_OBJC_WEAK = YES;
				CLANG_WARN_BLOCK_CAPTURE_AUTORELEASING = YES;
				CLANG_WARN_BOOL_CONVERSION = YES;
				CLANG_WARN_COMMA = YES;
				CLANG_WARN_CONSTANT_CONVERSION = YES;
				CLANG_WARN_DEPRECATED_OBJC_IMPLEMENTATIONS = YES;
				CLANG_WARN_DIRECT_OBJC_ISA_USAGE = YES_ERROR;
				CLANG_WARN_DOCUMENTATION_COMMENTS = YES;
				CLANG_WARN_EMPTY_BODY = YES;
				CLANG_WARN_ENUM_CONVERSION = YES;
				CLANG_WARN_INFINITE_RECURSION = YES;
				CLANG_WARN_INT_CONVERSION = YES;
				CLANG_WARN_NON_LITERAL_NULL_CONVERSION = YES;
				CLANG_WARN_OBJC_IMPLICIT_RETAIN_SELF = YES;
				CLANG_WARN_OBJC_LITERAL_CONVERSION = YES;
				CLANG_WARN_OBJC_ROOT_CLASS = YES_ERROR;
				CLANG_WARN_RANGE_LOOP_ANALYSIS = YES;
				CLANG_WARN_STRICT_PROTOTYPES = YES;
				CLANG_WARN_SUSPICIOUS_MOVE = YES;
				CLANG_WARN_UNGUARDED_AVAILABILITY = YES_AGGRESSIVE;
				CLANG_WARN_UNREACHABLE_CODE = YES;
				CLANG_WARN__DUPLICATE_METHOD_MATCH = YES;
				CODE_SIGN_IDENTITY = "iPhone Developer";
				COPY_PHASE_STRIP = NO;
				DEBUG_INFORMATION_FORMAT = "dwarf-with-dsym";
				ENABLE_NS_ASSERTIONS = NO;
				ENABLE_STRICT_OBJC_MSGSEND = YES;
				GCC_C_LANGUAGE_STANDARD = gnu11;
				GCC_NO_COMMON_BLOCKS = YES;
				GCC_WARN_64_TO_32_BIT_CONVERSION = YES;
				GCC_WARN_ABOUT_RETURN_TYPE = YES_ERROR;
				GCC_WARN_UNDECLARED_SELECTOR = YES;
				GCC_WARN_UNINITIALIZED_AUTOS = YES_AGGRESSIVE;
				GCC_WARN_UNUSED_FUNCTION = YES;
				GCC_WARN_UNUSED_VARIABLE = YES;
				IPHONEOS_DEPLOYMENT_TARGET = 11.4;
				MTL_ENABLE_DEBUG_INFO = NO;
				SDKROOT = iphoneos;
				SWIFT_COMPILATION_MODE = wholemodule;
				SWIFT_OPTIMIZATION_LEVEL = "-O";
				VALIDATE_PRODUCT = YES;
			};
			name = Release;
		};
		1D5CE5E02161135F00EF5A4B /* Debug */ = {
			isa = XCBuildConfiguration;
			baseConfigurationReference = BBDFB85D3914682C6D2BE617 /* Pods-Example.debug.xcconfig */;
			buildSettings = {
				ASSETCATALOG_COMPILER_APPICON_NAME = AppIcon;
				CODE_SIGN_STYLE = Automatic;
				INFOPLIST_FILE = Example/Info.plist;
				LD_RUNPATH_SEARCH_PATHS = (
					"$(inherited)",
					"@executable_path/Frameworks",
				);
				PRODUCT_BUNDLE_IDENTIFIER = com.vomh.Example;
				PRODUCT_NAME = "$(TARGET_NAME)";
				SWIFT_VERSION = 4.0;
				TARGETED_DEVICE_FAMILY = "1,2";
			};
			name = Debug;
		};
		1D5CE5E12161135F00EF5A4B /* Release */ = {
			isa = XCBuildConfiguration;
			baseConfigurationReference = A0599EE7C4A7B1C71B8DC0C5 /* Pods-Example.release.xcconfig */;
			buildSettings = {
				ASSETCATALOG_COMPILER_APPICON_NAME = AppIcon;
				CODE_SIGN_STYLE = Automatic;
				INFOPLIST_FILE = Example/Info.plist;
				LD_RUNPATH_SEARCH_PATHS = (
					"$(inherited)",
					"@executable_path/Frameworks",
				);
				PRODUCT_BUNDLE_IDENTIFIER = com.vomh.Example;
				PRODUCT_NAME = "$(TARGET_NAME)";
				SWIFT_VERSION = 4.0;
				TARGETED_DEVICE_FAMILY = "1,2";
			};
			name = Release;
		};
		1D5CE5E32161135F00EF5A4B /* Debug */ = {
			isa = XCBuildConfiguration;
			baseConfigurationReference = 5EDC015CCD806DC5FD0D9668 /* Pods-ExampleTests.debug.xcconfig */;
			buildSettings = {
				ALWAYS_EMBED_SWIFT_STANDARD_LIBRARIES = YES;
				BUNDLE_LOADER = "$(TEST_HOST)";
				CODE_SIGN_STYLE = Automatic;
				INFOPLIST_FILE = ExampleTests/Info.plist;
				LD_RUNPATH_SEARCH_PATHS = (
					"$(inherited)",
					"@executable_path/Frameworks",
					"@loader_path/Frameworks",
				);
				PRODUCT_BUNDLE_IDENTIFIER = com.vomh.ExampleTests;
				PRODUCT_NAME = "$(TARGET_NAME)";
				SWIFT_VERSION = 4.0;
				TARGETED_DEVICE_FAMILY = "1,2";
				TEST_HOST = "$(BUILT_PRODUCTS_DIR)/Example.app/Example";
			};
			name = Debug;
		};
		1D5CE5E42161135F00EF5A4B /* Release */ = {
			isa = XCBuildConfiguration;
			baseConfigurationReference = 5E3EF0C6547CAA3E42448DF6 /* Pods-ExampleTests.release.xcconfig */;
			buildSettings = {
				ALWAYS_EMBED_SWIFT_STANDARD_LIBRARIES = YES;
				BUNDLE_LOADER = "$(TEST_HOST)";
				CODE_SIGN_STYLE = Automatic;
				INFOPLIST_FILE = ExampleTests/Info.plist;
				LD_RUNPATH_SEARCH_PATHS = (
					"$(inherited)",
					"@executable_path/Frameworks",
					"@loader_path/Frameworks",
				);
				PRODUCT_BUNDLE_IDENTIFIER = com.vomh.ExampleTests;
				PRODUCT_NAME = "$(TARGET_NAME)";
				SWIFT_VERSION = 4.0;
				TARGETED_DEVICE_FAMILY = "1,2";
				TEST_HOST = "$(BUILT_PRODUCTS_DIR)/Example.app/Example";
			};
			name = Release;
		};
		1D5CE5E62161135F00EF5A4B /* Debug */ = {
			isa = XCBuildConfiguration;
			baseConfigurationReference = E087D394BC68348933E483AC /* Pods-ExampleUITests.debug.xcconfig */;
			buildSettings = {
				ALWAYS_EMBED_SWIFT_STANDARD_LIBRARIES = YES;
				CODE_SIGN_STYLE = Automatic;
				INFOPLIST_FILE = ExampleUITests/Info.plist;
				LD_RUNPATH_SEARCH_PATHS = (
					"$(inherited)",
					"@executable_path/Frameworks",
					"@loader_path/Frameworks",
				);
				PRODUCT_BUNDLE_IDENTIFIER = com.vomh.ExampleUITests;
				PRODUCT_NAME = "$(TARGET_NAME)";
				SWIFT_VERSION = 4.0;
				TARGETED_DEVICE_FAMILY = "1,2";
				TEST_TARGET_NAME = Example;
			};
			name = Debug;
		};
		1D5CE5E72161135F00EF5A4B /* Release */ = {
			isa = XCBuildConfiguration;
			baseConfigurationReference = F4FAE46D9F9FB773A08E55C5 /* Pods-ExampleUITests.release.xcconfig */;
			buildSettings = {
				ALWAYS_EMBED_SWIFT_STANDARD_LIBRARIES = YES;
				CODE_SIGN_STYLE = Automatic;
				INFOPLIST_FILE = ExampleUITests/Info.plist;
				LD_RUNPATH_SEARCH_PATHS = (
					"$(inherited)",
					"@executable_path/Frameworks",
					"@loader_path/Frameworks",
				);
				PRODUCT_BUNDLE_IDENTIFIER = com.vomh.ExampleUITests;
				PRODUCT_NAME = "$(TARGET_NAME)";
				SWIFT_VERSION = 4.0;
				TARGETED_DEVICE_FAMILY = "1,2";
				TEST_TARGET_NAME = Example;
			};
			name = Release;
		};
/* End XCBuildConfiguration section */

/* Begin XCConfigurationList section */
		1D5CE5AF2161135E00EF5A4B /* Build configuration list for PBXProject "Example" */ = {
			isa = XCConfigurationList;
			buildConfigurations = (
				1D5CE5DD2161135F00EF5A4B /* Debug */,
				1D5CE5DE2161135F00EF5A4B /* Release */,
			);
			defaultConfigurationIsVisible = 0;
			defaultConfigurationName = Release;
		};
		1D5CE5DF2161135F00EF5A4B /* Build configuration list for PBXNativeTarget "Example" */ = {
			isa = XCConfigurationList;
			buildConfigurations = (
				1D5CE5E02161135F00EF5A4B /* Debug */,
				1D5CE5E12161135F00EF5A4B /* Release */,
			);
			defaultConfigurationIsVisible = 0;
			defaultConfigurationName = Release;
		};
		1D5CE5E22161135F00EF5A4B /* Build configuration list for PBXNativeTarget "ExampleTests" */ = {
			isa = XCConfigurationList;
			buildConfigurations = (
				1D5CE5E32161135F00EF5A4B /* Debug */,
				1D5CE5E42161135F00EF5A4B /* Release */,
			);
			defaultConfigurationIsVisible = 0;
			defaultConfigurationName = Release;
		};
		1D5CE5E52161135F00EF5A4B /* Build configuration list for PBXNativeTarget "ExampleUITests" */ = {
			isa = XCConfigurationList;
			buildConfigurations = (
				1D5CE5E62161135F00EF5A4B /* Debug */,
				1D5CE5E72161135F00EF5A4B /* Release */,
			);
			defaultConfigurationIsVisible = 0;
			defaultConfigurationName = Release;
		};
/* End XCConfigurationList section */

/* Begin XCVersionGroup section */
		1D5CE5BE2161135E00EF5A4B /* Example.xcdatamodeld */ = {
			isa = XCVersionGroup;
			children = (
				1D5CE5BF2161135E00EF5A4B /* Example.xcdatamodel */,
			);
			currentVersion = 1D5CE5BF2161135E00EF5A4B /* Example.xcdatamodel */;
			path = Example.xcdatamodeld;
			sourceTree = "<group>";
			versionGroupType = wrapper.xcdatamodel;
		};
/* End XCVersionGroup section */
	};
	rootObject = 1D5CE5AC2161135E00EF5A4B /* Project object */;
}
